# THIS IS AN AUTOGENERATED FILE. DO NOT EDIT THIS FILE DIRECTLY.
# yarn lockfile v1


"@cloudflare/kv-asset-handler@0.4.0":
  version "0.4.0"
  resolved "https://registry.npmjs.org/@cloudflare/kv-asset-handler/-/kv-asset-handler-0.4.0.tgz"
  integrity sha512-+tv3z+SPp+gqTIcImN9o0hqE9xyfQjI1XD9pL6NuKjua9B1y7mNYv0S9cP+QEbA4ppVgGZEmKOvHX5G5Ei1CVA==
  dependencies:
    mime "^3.0.0"

"@cloudflare/unenv-preset@2.3.1":
  version "2.3.1"
  resolved "https://registry.npmjs.org/@cloudflare/unenv-preset/-/unenv-preset-2.3.1.tgz"
  integrity sha512-Xq57Qd+ADpt6hibcVBO0uLG9zzRgyRhfCUgBT9s+g3+3Ivg5zDyVgLFy40ES1VdNcu8rPNSivm9A+kGP5IVaPg==

"@cloudflare/vite-plugin@^0.1.15":
  version "0.1.21"
  resolved "https://registry.npmjs.org/@cloudflare/vite-plugin/-/vite-plugin-0.1.21.tgz"
  integrity sha512-2QU5+c6HChdCT5AfJekCjXn5C1NjhReEDw5x4jpvSR4qexUNpVnzFhBtGmWjvAfbgzJZGBkEIRz0DaW9dU6fWA==
  dependencies:
    "@cloudflare/unenv-preset" "2.3.1"
    "@hattip/adapter-node" "^0.0.49"
    get-port "^7.1.0"
    miniflare "4.20250321.2"
    picocolors "^1.1.1"
    tinyglobby "^0.2.12"
    unenv "2.0.0-rc.15"
    wrangler "4.7.1"
    ws "8.18.0"

"@cloudflare/workerd-windows-64@1.20250321.0":
  version "1.20250321.0"
  resolved "https://registry.npmjs.org/@cloudflare/workerd-windows-64/-/workerd-windows-64-1.20250321.0.tgz"
  integrity sha512-8vYP3QYO0zo2faUDfWl88jjfUvz7Si9GS3mUYaTh/TR9LcAUtsO7muLxPamqEyoxNFtbQgy08R4rTid94KRi3w==

"@cloudflare/workerd-windows-64@1.20250416.0":
  version "1.20250416.0"
  resolved "https://registry.npmjs.org/@cloudflare/workerd-windows-64/-/workerd-windows-64-1.20250416.0.tgz"
  integrity sha512-YAjjTzL1z9YYeN4sqYfj1dtQXd2Bblj+B+hl4Rz2aOhblpZEZAdhapZlOCRvLLkOJshKJUnRD3mDlytAdgwybQ==

"@cspotcode/source-map-support@0.8.1":
  version "0.8.1"
  resolved "https://registry.npmjs.org/@cspotcode/source-map-support/-/source-map-support-0.8.1.tgz"
  integrity sha512-IchNf6dN4tHoMFIn/7OE8LWZ19Y6q/67Bmf6vnGREv8RSbBVb9LPJxEcnwrcwX6ixSvaiGoomAUvu4YSxXrVgw==
  dependencies:
    "@jridgewell/trace-mapping" "0.3.9"

"@esbuild/win32-x64@0.24.2":
  version "0.24.2"
  resolved "https://registry.npmjs.org/@esbuild/win32-x64/-/win32-x64-0.24.2.tgz"
  integrity sha512-7VTgWzgMGvup6aSqDPLiW5zHaxYJGTO4OokMjIlrCtf+VpEL+cXKtCvg723iguPYI5oaUNdS+/V7OU2gvXVWEg==

"@esbuild/win32-x64@0.25.2":
  version "0.25.2"
  resolved "https://registry.npmjs.org/@esbuild/win32-x64/-/win32-x64-0.25.2.tgz"
  integrity sha512-kM3HKb16VIXZyIeVrM1ygYmZBKybX8N4p754bw390wGO3Tf2j4L2/WYL+4suWujpgf6GBYs3jv7TyUivdd05JA==

"@fastify/busboy@^2.0.0":
  version "2.1.1"
  resolved "https://registry.npmjs.org/@fastify/busboy/-/busboy-2.1.1.tgz"
  integrity sha512-vBZP4NlzfOlerQTnba4aqZoMhE/a9HY7HRqoOPaETQcSQuWEIyZMHGfVu6w9wGtGK5fED5qRs2DteVCjOH60sA==

"@hattip/adapter-node@^0.0.49":
  version "0.0.49"
  resolved "https://registry.npmjs.org/@hattip/adapter-node/-/adapter-node-0.0.49.tgz"
  integrity sha512-BE+Y8Q4U0YcH34FZUYU4DssGKOaZLbNL0zK57Z41UZp0m9kS79ZIolBmjjpPhTVpIlRY3Rs+uhXbVXKk7mUcJA==
  dependencies:
    "@hattip/core" "0.0.49"
    "@hattip/polyfills" "0.0.49"
    "@hattip/walk" "0.0.49"

"@hattip/core@0.0.49":
  version "0.0.49"
  resolved "https://registry.npmjs.org/@hattip/core/-/core-0.0.49.tgz"
  integrity sha512-3/ZJtC17cv8m6Sph8+nw4exUp9yhEf2Shi7HK6AHSUSBtaaQXZ9rJBVxTfZj3PGNOR/P49UBXOym/52WYKFTJQ==

"@hattip/headers@0.0.49":
  version "0.0.49"
  resolved "https://registry.npmjs.org/@hattip/headers/-/headers-0.0.49.tgz"
  integrity sha512-rrB2lEhTf0+MNVt5WdW184Ky706F1Ze9Aazn/R8c+/FMUYF9yjem2CgXp49csPt3dALsecrnAUOHFiV0LrrHXA==
  dependencies:
    "@hattip/core" "0.0.49"

"@hattip/polyfills@0.0.49":
  version "0.0.49"
  resolved "https://registry.npmjs.org/@hattip/polyfills/-/polyfills-0.0.49.tgz"
  integrity sha512-5g7W5s6Gq+HDxwULGFQ861yAnEx3yd9V8GDwS96HBZ1nM1u93vN+KTuwXvNsV7Z3FJmCrD/pgU8WakvchclYuA==
  dependencies:
    "@hattip/core" "0.0.49"
    "@whatwg-node/fetch" "^0.9.22"
    node-fetch-native "^1.6.4"

"@hattip/walk@0.0.49":
  version "0.0.49"
  resolved "https://registry.npmjs.org/@hattip/walk/-/walk-0.0.49.tgz"
  integrity sha512-AgJgKLooZyQnzMfoFg5Mo/aHM+HGBC9ExpXIjNqGimYTRgNbL/K7X5EM1kR2JY90BNKk9lo6Usq1T/nWFdT7TQ==
  dependencies:
    "@hattip/headers" "0.0.49"
    cac "^6.7.14"
    mime-types "^2.1.35"

"@hono/vite-build@^1.5.0":
  version "1.6.0"
  resolved "https://registry.npmjs.org/@hono/vite-build/-/vite-build-1.6.0.tgz"
  integrity sha512-7YJHgOVb4MnlTGI4anWTneJqRJ+h7xar6m4iz7Bnjf+QEdR6T6p5M8feqbwyQ89K1jFnGOshBVKdbUw1fPwbew==

"@img/sharp-win32-x64@0.33.5":
  version "0.33.5"
  resolved "https://registry.npmjs.org/@img/sharp-win32-x64/-/sharp-win32-x64-0.33.5.tgz"
  integrity sha512-MpY/o8/8kj+EcnxwvrP4aTJSWw/aZ7JIGR4aBeZkZw5B7/Jn+tY9/VNwtcoGmdT7GfggGIU4kygOMSbYnOrAbg==

"@jridgewell/resolve-uri@^3.0.3":
  version "3.1.2"
  resolved "https://registry.npmjs.org/@jridgewell/resolve-uri/-/resolve-uri-3.1.2.tgz"
  integrity sha512-bRISgCIjP20/tbWSPWMEi54QVPRZExkuD9lJL+UIxUKtwVJA8wW1Trb1jMs1RFXo1CBTNZ/5hpC9QvmKWdopKw==

"@jridgewell/sourcemap-codec@^1.4.10":
  version "1.5.0"
  resolved "https://registry.npmjs.org/@jridgewell/sourcemap-codec/-/sourcemap-codec-1.5.0.tgz"
  integrity sha512-gv3ZRaISU3fjPAgNsriBRqGWQL6quFx04YMPW/zD8XMLsU32mhCCbfbO6KZFLjvYpCZ8zyDEgqsgf+PwPaM7GQ==

"@jridgewell/trace-mapping@0.3.9":
  version "0.3.9"
  resolved "https://registry.npmjs.org/@jridgewell/trace-mapping/-/trace-mapping-0.3.9.tgz"
  integrity sha512-3Belt6tdc8bPgAtbcmdtNJlirVoTmEb5e2gC94PnkwEW9jI6CAHUeoG85tjWP5WquqfavoMtMwiG4P926ZKKuQ==
  dependencies:
    "@jridgewell/resolve-uri" "^3.0.3"
    "@jridgewell/sourcemap-codec" "^1.4.10"

"@kamilkisiela/fast-url-parser@^1.1.4":
  version "1.1.4"
  resolved "https://registry.npmjs.org/@kamilkisiela/fast-url-parser/-/fast-url-parser-1.1.4.tgz"
  integrity sha512-gbkePEBupNydxCelHCESvFSFM8XPh1Zs/OAVRW/rKpEqPAl5PbOM90Si8mv9bvnR53uPD2s/FiRxdvSejpRJew==

"@prisma/client@>=4.16.1":
  version "6.6.0"
  resolved "https://registry.npmjs.org/@prisma/client/-/client-6.6.0.tgz"
  integrity sha512-vfp73YT/BHsWWOAuthKQ/1lBgESSqYqAWZEYyTdGXyFAHpmewwWL2Iz6ErIzkj4aHbuc6/cGSsE6ZY+pBO04Cg==

"@prisma/config@6.6.0":
  version "6.6.0"
  resolved "https://registry.npmjs.org/@prisma/config/-/config-6.6.0.tgz"
  integrity sha512-d8FlXRHsx72RbN8nA2QCRORNv5AcUnPXgtPvwhXmYkQSMF/j9cKaJg+9VcUzBRXGy9QBckNzEQDEJZdEOZ+ubA==
  dependencies:
    esbuild ">=0.12 <1"
    esbuild-register "3.6.0"

"@prisma/debug@6.6.0":
  version "6.6.0"
  resolved "https://registry.npmjs.org/@prisma/debug/-/debug-6.6.0.tgz"
  integrity sha512-DL6n4IKlW5k2LEXzpN60SQ1kP/F6fqaCgU/McgaYsxSf43GZ8lwtmXLke9efS+L1uGmrhtBUP4npV/QKF8s2ZQ==

"@prisma/engines-version@6.6.0-53.f676762280b54cd07c770017ed3711ddde35f37a":
  version "6.6.0-53.f676762280b54cd07c770017ed3711ddde35f37a"
  resolved "https://registry.npmjs.org/@prisma/engines-version/-/engines-version-6.6.0-53.f676762280b54cd07c770017ed3711ddde35f37a.tgz"
  integrity sha512-JzRaQ5Em1fuEcbR3nUsMNYaIYrOT1iMheenjCvzZblJcjv/3JIuxXN7RCNT5i6lRkLodW5ojCGhR7n5yvnNKrw==

"@prisma/engines@6.6.0":
  version "6.6.0"
  resolved "https://registry.npmjs.org/@prisma/engines/-/engines-6.6.0.tgz"
  integrity sha512-nC0IV4NHh7500cozD1fBoTwTD1ydJERndreIjpZr/S3mno3P6tm8qnXmIND5SwUkibNeSJMpgl4gAnlqJ/gVlg==
  dependencies:
    "@prisma/debug" "6.6.0"
    "@prisma/engines-version" "6.6.0-53.f676762280b54cd07c770017ed3711ddde35f37a"
    "@prisma/fetch-engine" "6.6.0"
    "@prisma/get-platform" "6.6.0"

"@prisma/extension-accelerate@^1.3.0":
  version "1.3.0"
  resolved "https://registry.npmjs.org/@prisma/extension-accelerate/-/extension-accelerate-1.3.0.tgz"
  integrity sha512-W41D+kWejVJvMFEh45oYIU0VY+lIE3hh5vyHLHxgpyOfF+EHzSr8EIPT9kPRJg1FTYR7WGutXi64nyaNFUJ06A==

"@prisma/fetch-engine@6.6.0":
  version "6.6.0"
  resolved "https://registry.npmjs.org/@prisma/fetch-engine/-/fetch-engine-6.6.0.tgz"
  integrity sha512-Ohfo8gKp05LFLZaBlPUApM0M7k43a0jmo86YY35u1/4t+vuQH9mRGU7jGwVzGFY3v+9edeb/cowb1oG4buM1yw==
  dependencies:
    "@prisma/debug" "6.6.0"
    "@prisma/engines-version" "6.6.0-53.f676762280b54cd07c770017ed3711ddde35f37a"
    "@prisma/get-platform" "6.6.0"

"@prisma/get-platform@6.6.0":
  version "6.6.0"
  resolved "https://registry.npmjs.org/@prisma/get-platform/-/get-platform-6.6.0.tgz"
  integrity sha512-3qCwmnT4Jh5WCGUrkWcc6VZaw0JY7eWN175/pcb5Z6FiLZZ3ygY93UX0WuV41bG51a6JN/oBH0uywJ90Y+V5eA==
  dependencies:
    "@prisma/debug" "6.6.0"

"@rollup/rollup-win32-x64-msvc@4.40.0":
  version "4.40.0"
  resolved "https://registry.npmjs.org/@rollup/rollup-win32-x64-msvc/-/rollup-win32-x64-msvc-4.40.0.tgz"
  integrity sha512-lpPE1cLfP5oPzVjKMx10pgBmKELQnFJXHgvtHCtuJWOv8MxqdEIMNtgHgBFf7Ea2/7EuVwa9fodWUfXAlXZLZQ==

"@tech_slayer/stack-medium-common@^1.0.0":
  version "1.0.0"
  resolved "https://registry.npmjs.org/@tech_slayer/stack-medium-common/-/stack-medium-common-1.0.0.tgz"
  integrity sha512-4Bs42VYFRIB6zJpHUDmGx9RdsHn0KNc+58Pzq9UpgeB+v3pQ0JWBm70E2sQN6H/Ywj+Z5C21W+5e/ggNxBs07Q==
  dependencies:
    zod "^3.24.3"

"@types/estree@1.0.7":
  version "1.0.7"
  resolved "https://registry.npmjs.org/@types/estree/-/estree-1.0.7.tgz"
  integrity sha512-w28IoSUCJpidD/TGviZwwMJckNESJZXFu7NBZ5YJ4mEUnNraUn9Pm8HSZm/jDF1pDWYKspWE7oVphigUPRakIQ==

"@whatwg-node/fetch@^0.9.22":
  version "0.9.23"
  resolved "https://registry.npmjs.org/@whatwg-node/fetch/-/fetch-0.9.23.tgz"
  integrity sha512-7xlqWel9JsmxahJnYVUj/LLxWcnA93DR4c9xlw3U814jWTiYalryiH1qToik1hOxweKKRLi4haXHM5ycRksPBA==
  dependencies:
    "@whatwg-node/node-fetch" "^0.6.0"
    urlpattern-polyfill "^10.0.0"

"@whatwg-node/node-fetch@^0.6.0":
  version "0.6.0"
  resolved "https://registry.npmjs.org/@whatwg-node/node-fetch/-/node-fetch-0.6.0.tgz"
  integrity sha512-tcZAhrpx6oVlkEsRngeTEEE7I5/QdLjeEz4IlekabGaESP7+Dkm/6a9KcF1KdCBB7mO9PXtBkwCuTCt8+UPg8Q==
  dependencies:
    "@kamilkisiela/fast-url-parser" "^1.1.4"
    busboy "^1.6.0"
    fast-querystring "^1.1.1"
    tslib "^2.6.3"

acorn-walk@8.3.2:
  version "8.3.2"
  resolved "https://registry.npmjs.org/acorn-walk/-/acorn-walk-8.3.2.tgz"
  integrity sha512-cjkyv4OtNCIeqhHrfS81QWXoCBPExR/J62oyEqepVw8WaQeSqpW2uhuLPh1m9eWhDuOo/jUXVTlifvesOWp/4A==

acorn@8.14.0:
  version "8.14.0"
  resolved "https://registry.npmjs.org/acorn/-/acorn-8.14.0.tgz"
  integrity sha512-cl669nCJTZBsL97OF4kUQm5g5hC2uihk0NxY3WENAC0TYdILVkAyHymAntgxGkl7K+t0cXIrH5siy5S4XkFycA==

as-table@^1.0.36:
  version "1.0.55"
  resolved "https://registry.npmjs.org/as-table/-/as-table-1.0.55.tgz"
  integrity sha512-xvsWESUJn0JN421Xb9MQw6AsMHRCUknCe0Wjlxvjud80mU4E6hQf1A6NzQKcYNmYw62MfzEtXc+badstZP3JpQ==
  dependencies:
    printable-characters "^1.0.42"

blake3-wasm@2.1.5:
  version "2.1.5"
  resolved "https://registry.npmjs.org/blake3-wasm/-/blake3-wasm-2.1.5.tgz"
  integrity sha512-F1+K8EbfOZE49dtoPtmxUQrpXaBIl3ICvasLh+nJta0xkz+9kF/7uet9fLnwKqhDrmj6g+6K3Tw9yQPUg2ka5g==

busboy@^1.6.0:
  version "1.6.0"
  resolved "https://registry.npmjs.org/busboy/-/busboy-1.6.0.tgz"
  integrity sha512-8SFQbg/0hQ9xy3UNTB0YEnsNBbWfhf7RtnzpL7TkBiTBRfrQ9Fxcnz7VJsleJpyp6rVLvXiuORqjlHi5q+PYuA==
  dependencies:
    streamsearch "^1.1.0"

cac@^6.7.14:
  version "6.7.14"
  resolved "https://registry.npmjs.org/cac/-/cac-6.7.14.tgz"
  integrity sha512-b6Ilus+c3RrdDk+JhLKUAQfzzgLEPy6wcXqS7f/xe1EETvsDP6GORG7SFuOs6cID5YkqchW/LXZbX5bc8j7ZcQ==

color-convert@^2.0.1:
  version "2.0.1"
  resolved "https://registry.npmjs.org/color-convert/-/color-convert-2.0.1.tgz"
  integrity sha512-RRECPsj7iu/xb5oKYcsFHSppFNnsj/52OVTRKb4zP5onXwVF3zVmmToNcOfGC+CRDpfK/U584fMg38ZHCaElKQ==
  dependencies:
    color-name "~1.1.4"

color-name@^1.0.0, color-name@~1.1.4:
  version "1.1.4"
  resolved "https://registry.npmjs.org/color-name/-/color-name-1.1.4.tgz"
  integrity sha512-dOy+3AuW3a2wNbZHIuMZpTcgjGuLU/uBL/ubcZF9OXbDo8ff4O8yVp5Bf0efS8uEoYo5q4Fx7dY9OgQGXgAsQA==

color-string@^1.9.0:
  version "1.9.1"
  resolved "https://registry.npmjs.org/color-string/-/color-string-1.9.1.tgz"
  integrity sha512-shrVawQFojnZv6xM40anx4CkoDP+fZsw/ZerEMsW/pyzsRbElpsL/DBVW7q3ExxwusdNXI3lXpuhEZkzs8p5Eg==
  dependencies:
    color-name "^1.0.0"
    simple-swizzle "^0.2.2"

color@^4.2.3:
  version "4.2.3"
  resolved "https://registry.npmjs.org/color/-/color-4.2.3.tgz"
  integrity sha512-1rXeuUUiGGrykh+CeBdu5Ie7OJwinCgQY0bc7GCRxy5xVHy+moaqkpL/jqQq0MtQOeYcrqEz4abc5f0KtU7W4A==
  dependencies:
    color-convert "^2.0.1"
    color-string "^1.9.0"

cookie@^0.7.1:
  version "0.7.2"
  resolved "https://registry.npmjs.org/cookie/-/cookie-0.7.2.tgz"
  integrity sha512-yki5XnKuf750l50uGTllt6kKILY4nQ1eNIQatoXEByZ5dWgnKqbnqmTrBE5B4N7lrMJKQ2ytWMiTO2o0v6Ew/w==

data-uri-to-buffer@^2.0.0:
  version "2.0.2"
  resolved "https://registry.npmjs.org/data-uri-to-buffer/-/data-uri-to-buffer-2.0.2.tgz"
  integrity sha512-ND9qDTLc6diwj+Xe5cdAgVTbLVdXbtxTJRXRhli8Mowuaan+0EJOtdqJ0QCHNSSPyoXGx9HX2/VMnKeC34AChA==

debug@^4.3.4:
  version "4.4.0"
  resolved "https://registry.npmjs.org/debug/-/debug-4.4.0.tgz"
  integrity sha512-6WTZ/IxCY/T6BALoZHaE4ctp9xm+Z5kY/pzYaCHRFeyVhojxlrm+46y68HA6hr0TcwEssoxNiDEUJQjfPZ/RYA==
  dependencies:
    ms "^2.1.3"

defu@^6.1.4:
  version "6.1.4"
  resolved "https://registry.npmjs.org/defu/-/defu-6.1.4.tgz"
  integrity sha512-mEQCMmwJu317oSz8CwdIOdwf3xMif1ttiM8LTufzc3g6kR+9Pe236twL8j3IYT1F7GfRgGcW6MWxzZjLIkuHIg==

detect-libc@^2.0.3:
  version "2.0.3"
  resolved "https://registry.npmjs.org/detect-libc/-/detect-libc-2.0.3.tgz"
  integrity sha512-bwy0MGW55bG41VqxxypOsdSdGqLwXPI/focwgTYCFMbdUiBAxLg9CFzG08sz2aqzknwiX7Hkl0bQENjg8iLByw==

esbuild-register@3.6.0:
  version "3.6.0"
  resolved "https://registry.npmjs.org/esbuild-register/-/esbuild-register-3.6.0.tgz"
  integrity sha512-H2/S7Pm8a9CL1uhp9OvjwrBh5Pvx0H8qVOxNu8Wed9Y7qv56MPtq+GGM8RJpq6glYJn9Wspr8uw7l55uyinNeg==
  dependencies:
    debug "^4.3.4"

esbuild@^0.25.0, "esbuild@>=0.12 <1", esbuild@0.25.2:
  version "0.25.2"
  resolved "https://registry.npmjs.org/esbuild/-/esbuild-0.25.2.tgz"
  integrity sha512-16854zccKPnC+toMywC+uKNeYSv+/eXkevRAfwRD/G9Cleq66m8XFIrigkbvauLLlCfDL45Q2cWegSg53gGBnQ==
  optionalDependencies:
    "@esbuild/aix-ppc64" "0.25.2"
    "@esbuild/android-arm" "0.25.2"
    "@esbuild/android-arm64" "0.25.2"
    "@esbuild/android-x64" "0.25.2"
    "@esbuild/darwin-arm64" "0.25.2"
    "@esbuild/darwin-x64" "0.25.2"
    "@esbuild/freebsd-arm64" "0.25.2"
    "@esbuild/freebsd-x64" "0.25.2"
    "@esbuild/linux-arm" "0.25.2"
    "@esbuild/linux-arm64" "0.25.2"
    "@esbuild/linux-ia32" "0.25.2"
    "@esbuild/linux-loong64" "0.25.2"
    "@esbuild/linux-mips64el" "0.25.2"
    "@esbuild/linux-ppc64" "0.25.2"
    "@esbuild/linux-riscv64" "0.25.2"
    "@esbuild/linux-s390x" "0.25.2"
    "@esbuild/linux-x64" "0.25.2"
    "@esbuild/netbsd-arm64" "0.25.2"
    "@esbuild/netbsd-x64" "0.25.2"
    "@esbuild/openbsd-arm64" "0.25.2"
    "@esbuild/openbsd-x64" "0.25.2"
    "@esbuild/sunos-x64" "0.25.2"
    "@esbuild/win32-arm64" "0.25.2"
    "@esbuild/win32-ia32" "0.25.2"
    "@esbuild/win32-x64" "0.25.2"

esbuild@0.24.2:
  version "0.24.2"
  resolved "https://registry.npmjs.org/esbuild/-/esbuild-0.24.2.tgz"
  integrity sha512-+9egpBW8I3CD5XPe0n6BfT5fxLzxrlDzqydF3aviG+9ni1lDC/OvMHcxqEFV0+LANZG5R1bFMWfUrjVsdwxJvA==
  optionalDependencies:
    "@esbuild/aix-ppc64" "0.24.2"
    "@esbuild/android-arm" "0.24.2"
    "@esbuild/android-arm64" "0.24.2"
    "@esbuild/android-x64" "0.24.2"
    "@esbuild/darwin-arm64" "0.24.2"
    "@esbuild/darwin-x64" "0.24.2"
    "@esbuild/freebsd-arm64" "0.24.2"
    "@esbuild/freebsd-x64" "0.24.2"
    "@esbuild/linux-arm" "0.24.2"
    "@esbuild/linux-arm64" "0.24.2"
    "@esbuild/linux-ia32" "0.24.2"
    "@esbuild/linux-loong64" "0.24.2"
    "@esbuild/linux-mips64el" "0.24.2"
    "@esbuild/linux-ppc64" "0.24.2"
    "@esbuild/linux-riscv64" "0.24.2"
    "@esbuild/linux-s390x" "0.24.2"
    "@esbuild/linux-x64" "0.24.2"
    "@esbuild/netbsd-arm64" "0.24.2"
    "@esbuild/netbsd-x64" "0.24.2"
    "@esbuild/openbsd-arm64" "0.24.2"
    "@esbuild/openbsd-x64" "0.24.2"
    "@esbuild/sunos-x64" "0.24.2"
    "@esbuild/win32-arm64" "0.24.2"
    "@esbuild/win32-ia32" "0.24.2"
    "@esbuild/win32-x64" "0.24.2"

exit-hook@2.2.1:
  version "2.2.1"
  resolved "https://registry.npmjs.org/exit-hook/-/exit-hook-2.2.1.tgz"
  integrity sha512-eNTPlAD67BmP31LDINZ3U7HSF8l57TxOY2PmBJ1shpCvpnxBF93mWCE8YHBnXs8qiUZJc9WDcWIeC3a2HIAMfw==

exsolve@^1.0.4:
  version "1.0.5"
  resolved "https://registry.npmjs.org/exsolve/-/exsolve-1.0.5.tgz"
  integrity sha512-pz5dvkYYKQ1AHVrgOzBKWeP4u4FRb3a6DNK2ucr0OoNwYIU4QWsJ+NM36LLzORT+z845MzKHHhpXiUF5nvQoJg==

fast-decode-uri-component@^1.0.1:
  version "1.0.1"
  resolved "https://registry.npmjs.org/fast-decode-uri-component/-/fast-decode-uri-component-1.0.1.tgz"
  integrity sha512-WKgKWg5eUxvRZGwW8FvfbaH7AXSh2cL+3j5fMGzUMCxWBJ3dV3a7Wz8y2f/uQ0e3B6WmodD3oS54jTQ9HVTIIg==

fast-querystring@^1.1.1:
  version "1.1.2"
  resolved "https://registry.npmjs.org/fast-querystring/-/fast-querystring-1.1.2.tgz"
  integrity sha512-g6KuKWmFXc0fID8WWH0jit4g0AGBoJhCkJMb1RmbsSEUNvQ+ZC8D6CUZ+GtF8nMzSPXnhiePyyqqipzNNEnHjg==
  dependencies:
    fast-decode-uri-component "^1.0.1"

fdir@^6.4.3, fdir@^6.4.4:
  version "6.4.4"
  resolved "https://registry.npmjs.org/fdir/-/fdir-6.4.4.tgz"
  integrity sha512-1NZP+GK4GfuAv3PqKvxQRDMjdSRZjnkq7KfhlNrCNNlZ0ygQFpebfrnfnq/W7fpUnAv9aGWmY1zKx7FYL3gwhg==

get-port@^7.1.0:
  version "7.1.0"
  resolved "https://registry.npmjs.org/get-port/-/get-port-7.1.0.tgz"
  integrity sha512-QB9NKEeDg3xxVwCCwJQ9+xycaz6pBB6iQ76wiWMl1927n0Kir6alPiP+yuiICLLU4jpMe08dXfpebuQppFA2zw==

get-source@^2.0.12:
  version "2.0.12"
  resolved "https://registry.npmjs.org/get-source/-/get-source-2.0.12.tgz"
  integrity sha512-X5+4+iD+HoSeEED+uwrQ07BOQr0kEDFMVqqpBuI+RaZBpBpHCuXxo70bjar6f0b0u/DQJsJ7ssurpP0V60Az+w==
  dependencies:
    data-uri-to-buffer "^2.0.0"
    source-map "^0.6.1"

glob-to-regexp@0.4.1:
  version "0.4.1"
  resolved "https://registry.npmjs.org/glob-to-regexp/-/glob-to-regexp-0.4.1.tgz"
  integrity sha512-lkX1HJXwyMcprw/5YUZc2s7DrpAiHB21/V+E1rHUrVNokkvB6bqMzT0VfV6/86ZNabt1k14YOIaT7nDvOX3Iiw==

hono@*, hono@^4.7.7:
  version "4.7.7"
  resolved "https://registry.npmjs.org/hono/-/hono-4.7.7.tgz"
  integrity sha512-2PCpQRbN87Crty8/L/7akZN3UyZIAopSoRxCwRbJgUuV1+MHNFHzYFxZTg4v/03cXUm+jce/qa2VSBZpKBm3Qw==

is-arrayish@^0.3.1:
  version "0.3.2"
  resolved "https://registry.npmjs.org/is-arrayish/-/is-arrayish-0.3.2.tgz"
  integrity sha512-eVRqCvVlZbuw3GrM63ovNSNAeA1K16kaR/LRY/92w0zxQ5/1YzwblUX652i4Xs9RwAGjW9d9y6X88t8OaAJfWQ==

mime-db@1.52.0:
  version "1.52.0"
  resolved "https://registry.npmjs.org/mime-db/-/mime-db-1.52.0.tgz"
  integrity sha512-sPU4uV7dYlvtWJxwwxHD0PuihVNiE7TyAbQ5SWxDCB9mUYvOgroQOwYQQOKPJ8CIbE+1ETVlOoK1UC2nU3gYvg==

mime-types@^2.1.35:
  version "2.1.35"
  resolved "https://registry.npmjs.org/mime-types/-/mime-types-2.1.35.tgz"
  integrity sha512-ZDY+bPm5zTTF+YpCrAU9nK0UgICYPT0QtT1NZWFv4s++TNkcgVaT0g6+4R2uI4MjQjzysHB1zxuWL50hzaeXiw==
  dependencies:
    mime-db "1.52.0"

mime@^3.0.0:
  version "3.0.0"
  resolved "https://registry.npmjs.org/mime/-/mime-3.0.0.tgz"
  integrity sha512-jSCU7/VB1loIWBZe14aEYHU/+1UMEHoaO7qxCOVJOw9GgH72VAWppxNcjU+x9a2k3GSIBXNKxXQFqRvvZ7vr3A==

miniflare@4.20250321.2:
  version "4.20250321.2"
  resolved "https://registry.npmjs.org/miniflare/-/miniflare-4.20250321.2.tgz"
  integrity sha512-1HPrKb0qBWe2vvbabIciJAhydLlqwXwJEuM3tWlhQPwWZtySzfb69Knadr3l1evGG9RB2qMML4yrowzdyUoOwg==
  dependencies:
    "@cspotcode/source-map-support" "0.8.1"
    acorn "8.14.0"
    acorn-walk "8.3.2"
    exit-hook "2.2.1"
    glob-to-regexp "0.4.1"
    stoppable "1.1.0"
    undici "^5.28.5"
    workerd "1.20250321.0"
    ws "8.18.0"
    youch "3.3.4"
    zod "3.22.3"

miniflare@4.20250416.0:
  version "4.20250416.0"
  resolved "https://registry.npmjs.org/miniflare/-/miniflare-4.20250416.0.tgz"
  integrity sha512-261PhPgD9zs5/BTdbWqwiaXtWxb+Av5zKCwTU+HXrA5E4tf3qnULwh3u6SVUOAEArEroFuKJzawsQ9COtNBurQ==
  dependencies:
    "@cspotcode/source-map-support" "0.8.1"
    acorn "8.14.0"
    acorn-walk "8.3.2"
    exit-hook "2.2.1"
    glob-to-regexp "0.4.1"
    stoppable "1.1.0"
    undici "^5.28.5"
    workerd "1.20250416.0"
    ws "8.18.0"
    youch "3.3.4"
    zod "3.22.3"

ms@^2.1.3:
  version "2.1.3"
  resolved "https://registry.npmjs.org/ms/-/ms-2.1.3.tgz"
  integrity sha512-6FlzubTLZG3J2a/NVCAleEhjzq5oxgHyaCU9yYXvcLsvoVaHJq/s5xXI6/XXP6tz7R9xAOtHnSO/tXtF3WRTlA==

mustache@^4.2.0:
  version "4.2.0"
  resolved "https://registry.npmjs.org/mustache/-/mustache-4.2.0.tgz"
  integrity sha512-71ippSywq5Yb7/tVYyGbkBggbU8H3u5Rz56fH60jGFgr8uHwxs+aSKeqmluIVzM0m0kB7xQjKS6qPfd0b2ZoqQ==

nanoid@^3.3.8:
  version "3.3.11"
  resolved "https://registry.npmjs.org/nanoid/-/nanoid-3.3.11.tgz"
  integrity sha512-N8SpfPUnUp1bK+PMYW8qSWdl9U+wwNWI4QKxOYDy9JAro3WMX7p2OeVRF9v+347pnakNevPmiHhNmZ2HbFA76w==

node-fetch-native@^1.6.4:
  version "1.6.6"
  resolved "https://registry.npmjs.org/node-fetch-native/-/node-fetch-native-1.6.6.tgz"
  integrity sha512-8Mc2HhqPdlIfedsuZoc3yioPuzp6b+L5jRCRY1QzuWZh2EGJVQrGppC6V6cF0bLdbW0+O2YpqCA25aF/1lvipQ==

ohash@^2.0.11:
  version "2.0.11"
  resolved "https://registry.npmjs.org/ohash/-/ohash-2.0.11.tgz"
  integrity sha512-RdR9FQrFwNBNXAr4GixM8YaRZRJ5PUWbKYbE5eOsrwAjJW0q2REGcf79oYPsLyskQCZG1PLN+S/K1V00joZAoQ==

path-to-regexp@6.3.0:
  version "6.3.0"
  resolved "https://registry.npmjs.org/path-to-regexp/-/path-to-regexp-6.3.0.tgz"
  integrity sha512-Yhpw4T9C6hPpgPeA28us07OJeqZ5EzQTkbfwuhsUg0c237RomFoETJgmp2sa3F/41gfLE6G5cqcYwznmeEeOlQ==

pathe@^2.0.3:
  version "2.0.3"
  resolved "https://registry.npmjs.org/pathe/-/pathe-2.0.3.tgz"
  integrity sha512-WUjGcAqP1gQacoQe+OBJsFA7Ld4DyXuUIjZ5cc75cLHvJ7dtNsTugphxIADwspS+AraAUePCKrSVtPLFj/F88w==

picocolors@^1.1.1:
  version "1.1.1"
  resolved "https://registry.npmjs.org/picocolors/-/picocolors-1.1.1.tgz"
  integrity sha512-xceH2snhtb5M9liqDsmEw56le376mTZkEX/jEb/RxNFyegNul7eNslCXP9FDj/Lcu0X8KEyMceP2ntpaHrDEVA==

"picomatch@^3 || ^4", picomatch@^4.0.2:
  version "4.0.2"
  resolved "https://registry.npmjs.org/picomatch/-/picomatch-4.0.2.tgz"
  integrity sha512-M7BAV6Rlcy5u+m6oPhAPFgJTzAioX/6B0DxyvDlo9l8+T3nLKbrczg2WLUyzd45L8RqfUMyGPzekbMvX2Ldkwg==

postcss@^8.5.3:
  version "8.5.3"
  resolved "https://registry.npmjs.org/postcss/-/postcss-8.5.3.tgz"
  integrity sha512-dle9A3yYxlBSrt8Fu+IpjGT8SY8hN0mlaA6GY8t0P5PjIOZemULz/E2Bnm/2dcUOena75OTNkHI76uZBNUUq3A==
  dependencies:
    nanoid "^3.3.8"
    picocolors "^1.1.1"
    source-map-js "^1.2.1"

printable-characters@^1.0.42:
  version "1.0.42"
  resolved "https://registry.npmjs.org/printable-characters/-/printable-characters-1.0.42.tgz"
  integrity sha512-dKp+C4iXWK4vVYZmYSd0KBH5F/h1HoZRsbJ82AVKRO3PEo8L4lBS/vLwhVtpwwuYcoIsVY+1JYKR268yn480uQ==

prisma@*, prisma@^6.6.0:
  version "6.6.0"
  resolved "https://registry.npmjs.org/prisma/-/prisma-6.6.0.tgz"
  integrity sha512-SYCUykz+1cnl6Ugd8VUvtTQq5+j1Q7C0CtzKPjQ8JyA2ALh0EEJkMCS+KgdnvKW1lrxjtjCyJSHOOT236mENYg==
  dependencies:
    "@prisma/config" "6.6.0"
    "@prisma/engines" "6.6.0"
  optionalDependencies:
    fsevents "2.3.3"

rollup@^4.34.9:
  version "4.40.0"
  resolved "https://registry.npmjs.org/rollup/-/rollup-4.40.0.tgz"
  integrity sha512-Noe455xmA96nnqH5piFtLobsGbCij7Tu+tb3c1vYjNbTkfzGqXqQXG3wJaYXkRZuQ0vEYN4bhwg7QnIrqB5B+w==
  dependencies:
    "@types/estree" "1.0.7"
  optionalDependencies:
    "@rollup/rollup-android-arm-eabi" "4.40.0"
    "@rollup/rollup-android-arm64" "4.40.0"
    "@rollup/rollup-darwin-arm64" "4.40.0"
    "@rollup/rollup-darwin-x64" "4.40.0"
    "@rollup/rollup-freebsd-arm64" "4.40.0"
    "@rollup/rollup-freebsd-x64" "4.40.0"
    "@rollup/rollup-linux-arm-gnueabihf" "4.40.0"
    "@rollup/rollup-linux-arm-musleabihf" "4.40.0"
    "@rollup/rollup-linux-arm64-gnu" "4.40.0"
    "@rollup/rollup-linux-arm64-musl" "4.40.0"
    "@rollup/rollup-linux-loongarch64-gnu" "4.40.0"
    "@rollup/rollup-linux-powerpc64le-gnu" "4.40.0"
    "@rollup/rollup-linux-riscv64-gnu" "4.40.0"
    "@rollup/rollup-linux-riscv64-musl" "4.40.0"
    "@rollup/rollup-linux-s390x-gnu" "4.40.0"
    "@rollup/rollup-linux-x64-gnu" "4.40.0"
    "@rollup/rollup-linux-x64-musl" "4.40.0"
    "@rollup/rollup-win32-arm64-msvc" "4.40.0"
    "@rollup/rollup-win32-ia32-msvc" "4.40.0"
    "@rollup/rollup-win32-x64-msvc" "4.40.0"
    fsevents "~2.3.2"

semver@^7.6.3:
  version "7.7.1"
  resolved "https://registry.npmjs.org/semver/-/semver-7.7.1.tgz"
  integrity sha512-hlq8tAfn0m/61p4BVRcPzIGr6LKiMwo4VM6dGi6pt4qcRkmNzTcWq6eCEjEh+qXjkMDvPlOFFSGwQjoEa6gyMA==

sharp@^0.33.5:
  version "0.33.5"
  resolved "https://registry.npmjs.org/sharp/-/sharp-0.33.5.tgz"
  integrity sha512-haPVm1EkS9pgvHrQ/F3Xy+hgcuMV0Wm9vfIBSiwZ05k+xgb0PkBQpGsAA/oWdDobNaZTH5ppvHtzCFbnSEwHVw==
  dependencies:
    color "^4.2.3"
    detect-libc "^2.0.3"
    semver "^7.6.3"
  optionalDependencies:
    "@img/sharp-darwin-arm64" "0.33.5"
    "@img/sharp-darwin-x64" "0.33.5"
    "@img/sharp-libvips-darwin-arm64" "1.0.4"
    "@img/sharp-libvips-darwin-x64" "1.0.4"
    "@img/sharp-libvips-linux-arm" "1.0.5"
    "@img/sharp-libvips-linux-arm64" "1.0.4"
    "@img/sharp-libvips-linux-s390x" "1.0.4"
    "@img/sharp-libvips-linux-x64" "1.0.4"
    "@img/sharp-libvips-linuxmusl-arm64" "1.0.4"
    "@img/sharp-libvips-linuxmusl-x64" "1.0.4"
    "@img/sharp-linux-arm" "0.33.5"
    "@img/sharp-linux-arm64" "0.33.5"
    "@img/sharp-linux-s390x" "0.33.5"
    "@img/sharp-linux-x64" "0.33.5"
    "@img/sharp-linuxmusl-arm64" "0.33.5"
    "@img/sharp-linuxmusl-x64" "0.33.5"
    "@img/sharp-wasm32" "0.33.5"
    "@img/sharp-win32-ia32" "0.33.5"
    "@img/sharp-win32-x64" "0.33.5"

simple-swizzle@^0.2.2:
  version "0.2.2"
  resolved "https://registry.npmjs.org/simple-swizzle/-/simple-swizzle-0.2.2.tgz"
  integrity sha512-JA//kQgZtbuY83m+xT+tXJkmJncGMTFT+C+g2h2R9uxkYIrE2yy9sgmcLhCnw57/WSD+Eh3J97FPEDFnbXnDUg==
  dependencies:
    is-arrayish "^0.3.1"

source-map-js@^1.2.1:
  version "1.2.1"
  resolved "https://registry.npmjs.org/source-map-js/-/source-map-js-1.2.1.tgz"
  integrity sha512-UXWMKhLOwVKb728IUtQPXxfYU+usdybtUrK/8uGE8CQMvrhOpwvzDBwj0QhSL7MQc7vIsISBG8VQ8+IDQxpfQA==

source-map@^0.6.1:
  version "0.6.1"
  resolved "https://registry.npmjs.org/source-map/-/source-map-0.6.1.tgz"
  integrity sha512-UjgapumWlbMhkBgzT7Ykc5YXUT46F0iKu8SGXq0bcwP5dz/h0Plj6enJqjz1Zbq2l5WaqYnrVbwWOWMyF3F47g==

stacktracey@^2.1.8:
  version "2.1.8"
  resolved "https://registry.npmjs.org/stacktracey/-/stacktracey-2.1.8.tgz"
  integrity sha512-Kpij9riA+UNg7TnphqjH7/CzctQ/owJGNbFkfEeve4Z4uxT5+JapVLFXcsurIfN34gnTWZNJ/f7NMG0E8JDzTw==
  dependencies:
    as-table "^1.0.36"
    get-source "^2.0.12"

stoppable@1.1.0:
  version "1.1.0"
  resolved "https://registry.npmjs.org/stoppable/-/stoppable-1.1.0.tgz"
  integrity sha512-KXDYZ9dszj6bzvnEMRYvxgeTHU74QBFL54XKtP3nyMuJ81CFYtABZ3bAzL2EdFUaEwJOBOgENyFj3R7oTzDyyw==

streamsearch@^1.1.0:
  version "1.1.0"
  resolved "https://registry.npmjs.org/streamsearch/-/streamsearch-1.1.0.tgz"
  integrity sha512-Mcc5wHehp9aXz1ax6bZUyY5afg9u2rv5cqQI3mRrYkGC8rW2hM02jWuwjtL++LS5qinSyhj2QfLyNsuc+VsExg==

tinyglobby@^0.2.12:
  version "0.2.13"
  resolved "https://registry.npmjs.org/tinyglobby/-/tinyglobby-0.2.13.tgz"
  integrity sha512-mEwzpUgrLySlveBwEVDMKk5B57bhLPYovRfPAXD5gA/98Opn0rCDj3GtLwFvCvH5RK9uPCExUROW5NjDwvqkxw==
  dependencies:
    fdir "^6.4.4"
    picomatch "^4.0.2"

tslib@^2.6.3:
  version "2.8.1"
  resolved "https://registry.npmjs.org/tslib/-/tslib-2.8.1.tgz"
  integrity sha512-oJFu94HQb+KVduSUQL7wnpmqnfmLsOA/nAh6b6EH0wCEoK0/mPeXU6c3wKDV83MkOuHPRHtSXKKU99IBazS/2w==

ufo@^1.5.4:
  version "1.6.1"
  resolved "https://registry.npmjs.org/ufo/-/ufo-1.6.1.tgz"
  integrity sha512-9a4/uxlTWJ4+a5i0ooc1rU7C7YOw3wT+UGqdeNNHWnOF9qcMBgLRS+4IYUqbczewFx4mLEig6gawh7X6mFlEkA==

undici@^5.28.5:
  version "5.29.0"
  resolved "https://registry.npmjs.org/undici/-/undici-5.29.0.tgz"
  integrity sha512-raqeBD6NQK4SkWhQzeYKd1KmIG6dllBOTt55Rmkt4HtI9mwdWtJljnrXjAFUBLTSN67HWrOIZ3EPF4kjUw80Bg==
  dependencies:
    "@fastify/busboy" "^2.0.0"

unenv@2.0.0-rc.15:
  version "2.0.0-rc.15"
  resolved "https://registry.npmjs.org/unenv/-/unenv-2.0.0-rc.15.tgz"
  integrity sha512-J/rEIZU8w6FOfLNz/hNKsnY+fFHWnu9MH4yRbSZF3xbbGHovcetXPs7sD+9p8L6CeNC//I9bhRYAOsBt2u7/OA==
  dependencies:
    defu "^6.1.4"
    exsolve "^1.0.4"
    ohash "^2.0.11"
    pathe "^2.0.3"
    ufo "^1.5.4"

urlpattern-polyfill@^10.0.0:
  version "10.0.0"
  resolved "https://registry.npmjs.org/urlpattern-polyfill/-/urlpattern-polyfill-10.0.0.tgz"
  integrity sha512-H/A06tKD7sS1O1X2SshBVeA5FLycRpjqiBeqGKmBwBDBy28EnRjORxTNe269KSSr5un5qyWi1iL61wLxpd+ZOg==

vite-plugin-ssr-hot-reload@^0.4.1:
  version "0.4.2"
  resolved "https://registry.npmjs.org/vite-plugin-ssr-hot-reload/-/vite-plugin-ssr-hot-reload-0.4.2.tgz"
  integrity sha512-KhuXZxYXSlzEo6S3leOj806RI6XGdspDYPwqUYFGJajlsB4MffQ5My6rW+YO9uYkc2eM2Q+7OcCUnPrHaa3Upw==
  dependencies:
    picomatch "^4.0.2"

vite@^6.1.0, vite@^6.1.1:
  version "6.3.2"
  resolved "https://registry.npmjs.org/vite/-/vite-6.3.2.tgz"
  integrity sha512-ZSvGOXKGceizRQIZSz7TGJ0pS3QLlVY/9hwxVh17W3re67je1RKYzFHivZ/t0tubU78Vkyb9WnHPENSBCzbckg==
  dependencies:
    esbuild "^0.25.0"
    fdir "^6.4.3"
    picomatch "^4.0.2"
    postcss "^8.5.3"
    rollup "^4.34.9"
    tinyglobby "^0.2.12"
  optionalDependencies:
    fsevents "~2.3.3"

workerd@^1.20250320.0, workerd@1.20250321.0:
  version "1.20250321.0"
  resolved "https://registry.npmjs.org/workerd/-/workerd-1.20250321.0.tgz"
  integrity sha512-vyuz9pdJ+7o1lC79vQ2UVRLXPARa2Lq94PbTfqEcYQeSxeR9X+YqhNq2yysv8Zs5vpokmexLCtMniPp9u+2LVQ==
  optionalDependencies:
    "@cloudflare/workerd-darwin-64" "1.20250321.0"
    "@cloudflare/workerd-darwin-arm64" "1.20250321.0"
    "@cloudflare/workerd-linux-64" "1.20250321.0"
    "@cloudflare/workerd-linux-arm64" "1.20250321.0"
    "@cloudflare/workerd-windows-64" "1.20250321.0"

workerd@1.20250416.0:
  version "1.20250416.0"
  resolved "https://registry.npmjs.org/workerd/-/workerd-1.20250416.0.tgz"
  integrity sha512-Yrx/bZAKbmSvomdTAzzIpOHwpYhs0ldr2wqed22UEhQ0mIplAHY4xmY+SjAJhP/TydZrciOVzBxwM1+4T40KNA==
  optionalDependencies:
    "@cloudflare/workerd-darwin-64" "1.20250416.0"
    "@cloudflare/workerd-darwin-arm64" "1.20250416.0"
    "@cloudflare/workerd-linux-64" "1.20250416.0"
    "@cloudflare/workerd-linux-arm64" "1.20250416.0"
    "@cloudflare/workerd-windows-64" "1.20250416.0"

wrangler@^4.4.0:
  version "4.12.0"
  resolved "https://registry.npmjs.org/wrangler/-/wrangler-4.12.0.tgz"
  integrity sha512-4rfAXOi5KqM3ECvOrZJ97k3zEqxVwtdt4bijd8jcRBZ6iJYvEtjgjVi4TsfkVa/eXGhpfHTUnKu2uk8UHa8M2w==
  dependencies:
    "@cloudflare/kv-asset-handler" "0.4.0"
    "@cloudflare/unenv-preset" "2.3.1"
    blake3-wasm "2.1.5"
    esbuild "0.25.2"
    miniflare "4.20250416.0"
    path-to-regexp "6.3.0"
    unenv "2.0.0-rc.15"
    workerd "1.20250416.0"
  optionalDependencies:
    fsevents "~2.3.2"
    sharp "^0.33.5"

wrangler@4.7.1:
  version "4.7.1"
  resolved "https://registry.npmjs.org/wrangler/-/wrangler-4.7.1.tgz"
  integrity sha512-1vprXQxb0YqhO+xSXsYUlFBXl0D4YEJRNGaT6n9bM53GsFB+FgE7afxW57sSmiZsWiMpUVeMn4PlBVEzjLy4tA==
  dependencies:
    "@cloudflare/kv-asset-handler" "0.4.0"
    "@cloudflare/unenv-preset" "2.3.1"
    blake3-wasm "2.1.5"
    esbuild "0.24.2"
    miniflare "4.20250321.2"
    path-to-regexp "6.3.0"
    unenv "2.0.0-rc.15"
    workerd "1.20250321.0"
  optionalDependencies:
    fsevents "~2.3.2"
    sharp "^0.33.5"

ws@8.18.0:
  version "8.18.0"
  resolved "https://registry.npmjs.org/ws/-/ws-8.18.0.tgz"
  integrity sha512-8VbfWfHLbbwu3+N6OKsOMpBdT4kXPDDB9cJk2bJ6mh9ucxdlnNvH1e+roYkKmN9Nxw2yjz7VzeO9oOz2zJ04Pw==

youch@3.3.4:
  version "3.3.4"
  resolved "https://registry.npmjs.org/youch/-/youch-3.3.4.tgz"
  integrity sha512-UeVBXie8cA35DS6+nBkls68xaBBXCye0CNznrhszZjTbRVnJKQuNsyLKBTTL4ln1o1rh2PKtv35twV7irj5SEg==
  dependencies:
    cookie "^0.7.1"
    mustache "^4.2.0"
    stacktracey "^2.1.8"

zod@^3.24.3:
  version "3.24.3"
  resolved "https://registry.npmjs.org/zod/-/zod-3.24.3.tgz"
  integrity sha512-HhY1oqzWCQWuUqvBFnsyrtZRhyPeR7SUGv+C4+MsisMuVfSPx8HpwWqH8tRahSlt6M3PiFAcoeFhZAqIXTxoSg==

zod@3.22.3:
  version "3.22.3"
  resolved "https://registry.npmjs.org/zod/-/zod-3.22.3.tgz"
  integrity sha512-EjIevzuJRiRPbVH4mGc8nApb/lVLKVpmUhAaR5R5doKGfAnGJ6Gr3CViAVjP+4FWSxCsybeWQdcgCtbX+7oZug==
