# THIS IS AN AUTOGENERATED FILE. DO NOT EDIT THIS FILE DIRECTLY.
# yarn lockfile v1


zod@^3.24.3:
  version "3.24.3"
  resolved "https://registry.yarnpkg.com/zod/-/zod-3.24.3.tgz#1f40f750a05e477396da64438e0e1c0995dafd87"
  integrity sha512-HhY1oqzWCQWuUqvBFnsyrtZRhyPeR7SUGv+C4+MsisMuVfSPx8HpwWqH8tRahSlt6M3PiFAcoeFhZAqIXTxoSg==
